
Microsoft Visual Studio Solution File, Format Version 12.00
# Visual Studio Version 17
VisualStudioVersion = 17.9.34728.123
MinimumVisualStudioVersion = 10.0.40219.1
Project("{FAE04EC0-301F-11D3-BF4B-00C04F79EFBC}") = "HeicConverter", "HeicConverter\HeicConverter.csproj", "{6A10ECAC-D4E3-4D6A-A2B2-AE795EF68611}"
EndProject
Global
	GlobalSection(SolutionConfigurationPlatforms) = preSolution
		Debug|Any CPU = Debug|Any CPU
		Release|Any CPU = Release|Any CPU
	EndGlobalSection
	GlobalSection(ProjectConfigurationPlatforms) = postSolution
		{6A10ECAC-D4E3-4D6A-A2B2-AE795EF68611}.Debug|Any CPU.ActiveCfg = Debug|Any CPU
		{6A10ECAC-D4E3-4D6A-A2B2-AE795EF68611}.Debug|Any CPU.Build.0 = Debug|Any CPU
		{6A10ECAC-D4E3-4D6A-A2B2-AE795EF68611}.Release|Any CPU.ActiveCfg = Release|Any CPU
		{6A10ECAC-D4E3-4D6A-A2B2-AE795EF68611}.Release|Any CPU.Build.0 = Release|Any CPU
	EndGlobalSection
	GlobalSection(SolutionProperties) = preSolution
		HideSolutionNode = FALSE
	EndGlobalSection
	GlobalSection(ExtensibilityGlobals) = postSolution
		SolutionGuid = {D3FB9492-7D17-4D32-BADC-3343E8C93CB8}
	EndGlobalSection
EndGlobal
